
Microsoft Visual Studio Solution File, Format Version 12.00
# Visual Studio Version 17
VisualStudioVersion = 17.8.34511.84
MinimumVisualStudioVersion = 10.0.40219.1
Project("{9A19103F-16F7-4668-BE54-9A1E7A4F7556}") = "Markel", "Markel\Markel.csproj", "{74B6D81A-5EB7-4DFB-821D-7BE313712505}"
EndProject
Project("{9A19103F-16F7-4668-BE54-9A1E7A4F7556}") = "Markel.Tests", "Markel.Tests\Markel.Tests.csproj", "{1D103D8A-B197-45F1-9AEB-B847A23CE8AE}"
EndProject
Global
	GlobalSection(SolutionConfigurationPlatforms) = preSolution
		Debug|Any CPU = Debug|Any CPU
		Release|Any CPU = Release|Any CPU
	EndGlobalSection
	GlobalSection(ProjectConfigurationPlatforms) = postSolution
		{74B6D81A-5EB7-4DFB-821D-7BE313712505}.Debug|Any CPU.ActiveCfg = Debug|Any CPU
		{74B6D81A-5EB7-4DFB-821D-7BE313712505}.Debug|Any CPU.Build.0 = Debug|Any CPU
		{74B6D81A-5EB7-4DFB-821D-7BE313712505}.Release|Any CPU.ActiveCfg = Release|Any CPU
		{74B6D81A-5EB7-4DFB-821D-7BE313712505}.Release|Any CPU.Build.0 = Release|Any CPU
		{1D103D8A-B197-45F1-9AEB-B847A23CE8AE}.Debug|Any CPU.ActiveCfg = Debug|Any CPU
		{1D103D8A-B197-45F1-9AEB-B847A23CE8AE}.Debug|Any CPU.Build.0 = Debug|Any CPU
		{1D103D8A-B197-45F1-9AEB-B847A23CE8AE}.Release|Any CPU.ActiveCfg = Release|Any CPU
		{1D103D8A-B197-45F1-9AEB-B847A23CE8AE}.Release|Any CPU.Build.0 = Release|Any CPU
	EndGlobalSection
	GlobalSection(SolutionProperties) = preSolution
		HideSolutionNode = FALSE
	EndGlobalSection
	GlobalSection(ExtensibilityGlobals) = postSolution
		SolutionGuid = {E64244C5-97B7-488F-832D-67264703C3E5}
	EndGlobalSection
EndGlobal
